
Microsoft Visual Studio Solution File, Format Version 12.00
Project("{FAE04EC0-301F-11D3-BF4B-00C04F79EFBC}") = "src", "src\src.csproj", "{96E6EDDC-E6E4-4ADF-8AEC-793B94D077C0}"
EndProject
Global
	GlobalSection(SolutionConfigurationPlatforms) = preSolution
		Debug|Any CPU = Debug|Any CPU
		Release|Any CPU = Release|Any CPU
	EndGlobalSection
	GlobalSection(ProjectConfigurationPlatforms) = postSolution
		{96E6EDDC-E6E4-4ADF-8AEC-793B94D077C0}.Debug|Any CPU.ActiveCfg = Debug|Any CPU
		{96E6EDDC-E6E4-4ADF-8AEC-793B94D077C0}.Debug|Any CPU.Build.0 = Debug|Any CPU
		{96E6EDDC-E6E4-4ADF-8AEC-793B94D077C0}.Release|Any CPU.ActiveCfg = Release|Any CPU
		{96E6EDDC-E6E4-4ADF-8AEC-793B94D077C0}.Release|Any CPU.Build.0 = Release|Any CPU
	EndGlobalSection
EndGlobal
